// !$*UTF8*$!
{
	archiveVersion = 1;
	classes = {
	};
	objectVersion = 46;
	objects = {

/* Begin PBXAggregateTarget section */
		5B7A60FA156E2EF1000FBEC3 /* VisirisCoreDocs */ = {
			isa = PBXAggregateTarget;
			buildConfigurationList = 5B7A60FD156E2EF1000FBEC3 /* Build configuration list for PBXAggregateTarget "VisirisCoreDocs" */;
			buildPhases = (
				5B7A60FF156E2EF5000FBEC3 /* ShellScript */,
			);
			dependencies = (
			);
			name = VisirisCoreDocs;
			productName = AppleDoc;
		};
/* End PBXAggregateTarget section */

/* Begin PBXBuildFile section */
		270692CC1594CF42001A9329 /* VSFileKind.h in Headers */ = {isa = PBXBuildFile; fileRef = 270692CB1594CF42001A9329 /* VSFileKind.h */; settings = {ATTRIBUTES = (Public, ); }; };
		270692CF1594D406001A9329 /* VSQCManager.h in Headers */ = {isa = PBXBuildFile; fileRef = 270692CD1594D405001A9329 /* VSQCManager.h */; };
		270692D01594D406001A9329 /* VSQCManager.m in Sources */ = {isa = PBXBuildFile; fileRef = 270692CE1594D405001A9329 /* VSQCManager.m */; };
		270692D31594F25F001A9329 /* VSQCRenderer.h in Headers */ = {isa = PBXBuildFile; fileRef = 270692D11594F25D001A9329 /* VSQCRenderer.h */; };
		270692D41594F25F001A9329 /* VSQCRenderer.m in Sources */ = {isa = PBXBuildFile; fileRef = 270692D21594F25E001A9329 /* VSQCRenderer.m */; };
		270692D61594F94F001A9329 /* Quartz.framework in Frameworks */ = {isa = PBXBuildFile; fileRef = 270692D51594F94F001A9329 /* Quartz.framework */; };
		2726745B157F76A400EBE6B0 /* VSTextureManager.h in Headers */ = {isa = PBXBuildFile; fileRef = 27267459157F76A400EBE6B0 /* VSTextureManager.h */; };
		2726745C157F76A400EBE6B0 /* VSTextureManager.m in Sources */ = {isa = PBXBuildFile; fileRef = 2726745A157F76A400EBE6B0 /* VSTextureManager.m */; };
		2745457415AEDC400064597D /* VSPBufferRenderer.h in Headers */ = {isa = PBXBuildFile; fileRef = 2745457215AEDC400064597D /* VSPBufferRenderer.h */; };
		2745457515AEDC400064597D /* VSPBufferRenderer.m in Sources */ = {isa = PBXBuildFile; fileRef = 2745457315AEDC400064597D /* VSPBufferRenderer.m */; };
		274C70CE157E81DD0031F9B2 /* VSImageContext.h in Headers */ = {isa = PBXBuildFile; fileRef = 274C70CC157E81DD0031F9B2 /* VSImageContext.h */; };
		274C70CF157E81DD0031F9B2 /* VSImageContext.m in Sources */ = {isa = PBXBuildFile; fileRef = 274C70CD157E81DD0031F9B2 /* VSImageContext.m */; };
		274C70D1157E82EE0031F9B2 /* QuartzCore.framework in Frameworks */ = {isa = PBXBuildFile; fileRef = 274C70D0157E82EE0031F9B2 /* QuartzCore.framework */; };
		275D8D0F156EB42B0081AB80 /* OpenGL.framework in Frameworks */ = {isa = PBXBuildFile; fileRef = 275D8D0E156EB42B0081AB80 /* OpenGL.framework */; };
		276151341577C7E4005177C5 /* VSRenderCore.h in Headers */ = {isa = PBXBuildFile; fileRef = 276151321577C7E4005177C5 /* VSRenderCore.h */; settings = {ATTRIBUTES = (Public, ); }; };
		276151351577C7E4005177C5 /* VSRenderCore.m in Sources */ = {isa = PBXBuildFile; fileRef = 276151331577C7E4005177C5 /* VSRenderCore.m */; };
		276151381577C814005177C5 /* VSFrameBufferObject.h in Headers */ = {isa = PBXBuildFile; fileRef = 276151361577C814005177C5 /* VSFrameBufferObject.h */; };
		276151391577C814005177C5 /* VSFrameBufferObject.m in Sources */ = {isa = PBXBuildFile; fileRef = 276151371577C814005177C5 /* VSFrameBufferObject.m */; };
		276151471577D66B005177C5 /* VSTexture.h in Headers */ = {isa = PBXBuildFile; fileRef = 276151451577D66B005177C5 /* VSTexture.h */; };
		276151481577D66B005177C5 /* VSTexture.m in Sources */ = {isa = PBXBuildFile; fileRef = 276151461577D66B005177C5 /* VSTexture.m */; };
		2761514B1577F290005177C5 /* VSShader.h in Headers */ = {isa = PBXBuildFile; fileRef = 276151491577F290005177C5 /* VSShader.h */; };
		2761514C1577F290005177C5 /* VSShader.m in Sources */ = {isa = PBXBuildFile; fileRef = 2761514A1577F290005177C5 /* VSShader.m */; };
		276D436615B7FC8200389C86 /* VSAudioCoreHandover.h in Headers */ = {isa = PBXBuildFile; fileRef = 276D436415B7FC8200389C86 /* VSAudioCoreHandover.h */; settings = {ATTRIBUTES = (Public, ); }; };
		276D436715B7FC8200389C86 /* VSAudioCoreHandover.m in Sources */ = {isa = PBXBuildFile; fileRef = 276D436515B7FC8200389C86 /* VSAudioCoreHandover.m */; };
		27973E9115B41C3B0051C16F /* VSLayerShader.h in Headers */ = {isa = PBXBuildFile; fileRef = 27973E8F15B41C3A0051C16F /* VSLayerShader.h */; };
		27973E9215B41C3B0051C16F /* VSLayerShader.m in Sources */ = {isa = PBXBuildFile; fileRef = 27973E9015B41C3B0051C16F /* VSLayerShader.m */; };
		27973E9615B43CA00051C16F /* transform.fs.glsl in Resources */ = {isa = PBXBuildFile; fileRef = 27973E9415B43CA00051C16F /* transform.fs.glsl */; };
		27973E9715B43CA00051C16F /* transform.vs.glsl in Resources */ = {isa = PBXBuildFile; fileRef = 27973E9515B43CA00051C16F /* transform.vs.glsl */; };
		27973E9A15B441D20051C16F /* VSTransformShader.h in Headers */ = {isa = PBXBuildFile; fileRef = 27973E9815B441D20051C16F /* VSTransformShader.h */; };
		27973E9B15B441D20051C16F /* VSTransformShader.m in Sources */ = {isa = PBXBuildFile; fileRef = 27973E9915B441D20051C16F /* VSTransformShader.m */; };
		279820E015B85A4B00E8AA8E /* VSPlaybackMode.h in Headers */ = {isa = PBXBuildFile; fileRef = 279820DF15B85A4B00E8AA8E /* VSPlaybackMode.h */; settings = {ATTRIBUTES = (Public, ); }; };
		27A135A7157608FD00883B96 /* layering.fs.glsl in Resources */ = {isa = PBXBuildFile; fileRef = 27A135A5157608FD00883B96 /* layering.fs.glsl */; };
		27A135A8157608FD00883B96 /* layering.vs.glsl in Resources */ = {isa = PBXBuildFile; fileRef = 27A135A6157608FD00883B96 /* layering.vs.glsl */; };
		27A6CA0515B73AD7004C6DFB /* VSAudioCore.h in Headers */ = {isa = PBXBuildFile; fileRef = 27A6CA0315B73AD7004C6DFB /* VSAudioCore.h */; };
		27A6CA0615B73AD7004C6DFB /* VSAudioCore.m in Sources */ = {isa = PBXBuildFile; fileRef = 27A6CA0415B73AD7004C6DFB /* VSAudioCore.m */; };
		27A6CA0D15B746EB004C6DFB /* VSAudioPlayerManager.h in Headers */ = {isa = PBXBuildFile; fileRef = 27A6CA0B15B746EB004C6DFB /* VSAudioPlayerManager.h */; };
		27A6CA0E15B746EB004C6DFB /* VSAudioPlayerManager.m in Sources */ = {isa = PBXBuildFile; fileRef = 27A6CA0C15B746EB004C6DFB /* VSAudioPlayerManager.m */; };
		27A6CA1115B74FA0004C6DFB /* VSAudioPlayer.h in Headers */ = {isa = PBXBuildFile; fileRef = 27A6CA0F15B74FA0004C6DFB /* VSAudioPlayer.h */; };
		27A6CA1215B74FA0004C6DFB /* VSAudioPlayer.m in Sources */ = {isa = PBXBuildFile; fileRef = 27A6CA1015B74FA0004C6DFB /* VSAudioPlayer.m */; };
		27A6CA1615B753DD004C6DFB /* NSMutableDictionary+VSAudioPlayerManger.h in Headers */ = {isa = PBXBuildFile; fileRef = 27A6CA1415B753DD004C6DFB /* NSMutableDictionary+VSAudioPlayerManger.h */; };
		27A6CA1715B753DD004C6DFB /* NSMutableDictionary+VSAudioPlayerManger.m in Sources */ = {isa = PBXBuildFile; fileRef = 27A6CA1515B753DD004C6DFB /* NSMutableDictionary+VSAudioPlayerManger.m */; };
		27A6CA1915B75820004C6DFB /* AVFoundation.framework in Frameworks */ = {isa = PBXBuildFile; fileRef = 27A6CA1815B7581F004C6DFB /* AVFoundation.framework */; };
		27AF8FC815B56546007A0322 /* VSTransformTextureManager.h in Headers */ = {isa = PBXBuildFile; fileRef = 27AF8FC615B56546007A0322 /* VSTransformTextureManager.h */; };
		27AF8FC915B56546007A0322 /* VSTransformTextureManager.m in Sources */ = {isa = PBXBuildFile; fileRef = 27AF8FC715B56546007A0322 /* VSTransformTextureManager.m */; };
		27C5606915877DAC00E14DCE /* VSImage.h in Headers */ = {isa = PBXBuildFile; fileRef = 27C5606715877DAC00E14DCE /* VSImage.h */; settings = {ATTRIBUTES = (Public, ); }; };
		27C5606A15877DAC00E14DCE /* VSImage.m in Sources */ = {isa = PBXBuildFile; fileRef = 27C5606815877DAC00E14DCE /* VSImage.m */; };
		5B14E9A415641B0200AFF08C /* VSCoreHandover.h in Headers */ = {isa = PBXBuildFile; fileRef = 5B14E9A015641B0200AFF08C /* VSCoreHandover.h */; settings = {ATTRIBUTES = (Public, ); }; };
		5B14E9A515641B0200AFF08C /* VSCoreHandover.m in Sources */ = {isa = PBXBuildFile; fileRef = 5B14E9A115641B0200AFF08C /* VSCoreHandover.m */; };
		5B14E9A615641B0200AFF08C /* VSFrameCoreHandover.h in Headers */ = {isa = PBXBuildFile; fileRef = 5B14E9A215641B0200AFF08C /* VSFrameCoreHandover.h */; settings = {ATTRIBUTES = (Public, ); }; };
		5B14E9A715641B0200AFF08C /* VSFrameCoreHandover.m in Sources */ = {isa = PBXBuildFile; fileRef = 5B14E9A315641B0200AFF08C /* VSFrameCoreHandover.m */; };
		5B14E9AA15641B5D00AFF08C /* VSQuartzComposerHandover.h in Headers */ = {isa = PBXBuildFile; fileRef = 5B14E9A815641B5D00AFF08C /* VSQuartzComposerHandover.h */; settings = {ATTRIBUTES = (Public, ); }; };
		5B14E9AB15641B5D00AFF08C /* VSQuartzComposerHandover.m in Sources */ = {isa = PBXBuildFile; fileRef = 5B14E9A915641B5D00AFF08C /* VSQuartzComposerHandover.m */; };
		5B19BF69155D0E4E00807769 /* Cocoa.framework in Frameworks */ = {isa = PBXBuildFile; fileRef = 5B19BF68155D0E4E00807769 /* Cocoa.framework */; };
		5B19BF73155D0E4E00807769 /* InfoPlist.strings in Resources */ = {isa = PBXBuildFile; fileRef = 5B19BF71155D0E4E00807769 /* InfoPlist.strings */; };
		5B6965BE15640F2900C6EABC /* VSCoreReceptionist.h in Headers */ = {isa = PBXBuildFile; fileRef = 5B6965BC15640F2900C6EABC /* VSCoreReceptionist.h */; settings = {ATTRIBUTES = (Public, ); }; };
		5B6965BF15640F2900C6EABC /* VSCoreReceptionist.m in Sources */ = {isa = PBXBuildFile; fileRef = 5B6965BD15640F2900C6EABC /* VSCoreReceptionist.m */; };
		5B7A6101156E2F82000FBEC3 /* AppledocSettings.plist in Resources */ = {isa = PBXBuildFile; fileRef = 5B7A6100156E2F82000FBEC3 /* AppledocSettings.plist */; };
		5BD5AEC3159A10320008CE80 /* VSParameterTypes.h in Headers */ = {isa = PBXBuildFile; fileRef = 5BD5AEC1159A10320008CE80 /* VSParameterTypes.h */; settings = {ATTRIBUTES = (Public, ); }; };
		5BD5AEC4159A10320008CE80 /* VSParameterTypes.m in Sources */ = {isa = PBXBuildFile; fileRef = 5BD5AEC2159A10320008CE80 /* VSParameterTypes.m */; };
/* End PBXBuildFile section */

/* Begin PBXFileReference section */
		270692CB1594CF42001A9329 /* VSFileKind.h */ = {isa = PBXFileReference; fileEncoding = 4; lastKnownFileType = sourcecode.c.h; path = VSFileKind.h; sourceTree = "<group>"; };
		270692CD1594D405001A9329 /* VSQCManager.h */ = {isa = PBXFileReference; fileEncoding = 4; lastKnownFileType = sourcecode.c.h; path = VSQCManager.h; sourceTree = "<group>"; };
		270692CE1594D405001A9329 /* VSQCManager.m */ = {isa = PBXFileReference; fileEncoding = 4; lastKnownFileType = sourcecode.c.objc; path = VSQCManager.m; sourceTree = "<group>"; };
		270692D11594F25D001A9329 /* VSQCRenderer.h */ = {isa = PBXFileReference; fileEncoding = 4; lastKnownFileType = sourcecode.c.h; path = VSQCRenderer.h; sourceTree = "<group>"; };
		270692D21594F25E001A9329 /* VSQCRenderer.m */ = {isa = PBXFileReference; fileEncoding = 4; lastKnownFileType = sourcecode.c.objc; path = VSQCRenderer.m; sourceTree = "<group>"; };
		270692D51594F94F001A9329 /* Quartz.framework */ = {isa = PBXFileReference; lastKnownFileType = wrapper.framework; name = Quartz.framework; path = System/Library/Frameworks/Quartz.framework; sourceTree = SDKROOT; };
		27267459157F76A400EBE6B0 /* VSTextureManager.h */ = {isa = PBXFileReference; fileEncoding = 4; lastKnownFileType = sourcecode.c.h; path = VSTextureManager.h; sourceTree = "<group>"; };
		2726745A157F76A400EBE6B0 /* VSTextureManager.m */ = {isa = PBXFileReference; fileEncoding = 4; lastKnownFileType = sourcecode.c.objc; path = VSTextureManager.m; sourceTree = "<group>"; };
		2745457215AEDC400064597D /* VSPBufferRenderer.h */ = {isa = PBXFileReference; fileEncoding = 4; lastKnownFileType = sourcecode.c.h; path = VSPBufferRenderer.h; sourceTree = "<group>"; };
		2745457315AEDC400064597D /* VSPBufferRenderer.m */ = {isa = PBXFileReference; fileEncoding = 4; lastKnownFileType = sourcecode.c.objc; path = VSPBufferRenderer.m; sourceTree = "<group>"; };
		274C70CC157E81DD0031F9B2 /* VSImageContext.h */ = {isa = PBXFileReference; fileEncoding = 4; lastKnownFileType = sourcecode.c.h; name = VSImageContext.h; path = CoreServices/VSImageContext.h; sourceTree = "<group>"; };
		274C70CD157E81DD0031F9B2 /* VSImageContext.m */ = {isa = PBXFileReference; fileEncoding = 4; lastKnownFileType = sourcecode.c.objc; name = VSImageContext.m; path = CoreServices/VSImageContext.m; sourceTree = "<group>"; };
		274C70D0157E82EE0031F9B2 /* QuartzCore.framework */ = {isa = PBXFileReference; lastKnownFileType = wrapper.framework; name = QuartzCore.framework; path = System/Library/Frameworks/QuartzCore.framework; sourceTree = SDKROOT; };
		275D8D0E156EB42B0081AB80 /* OpenGL.framework */ = {isa = PBXFileReference; lastKnownFileType = wrapper.framework; name = OpenGL.framework; path = System/Library/Frameworks/OpenGL.framework; sourceTree = SDKROOT; };
		276151321577C7E4005177C5 /* VSRenderCore.h */ = {isa = PBXFileReference; fileEncoding = 4; lastKnownFileType = sourcecode.c.h; path = VSRenderCore.h; sourceTree = "<group>"; };
		276151331577C7E4005177C5 /* VSRenderCore.m */ = {isa = PBXFileReference; fileEncoding = 4; lastKnownFileType = sourcecode.c.objc; path = VSRenderCore.m; sourceTree = "<group>"; };
		276151361577C814005177C5 /* VSFrameBufferObject.h */ = {isa = PBXFileReference; fileEncoding = 4; lastKnownFileType = sourcecode.c.h; path = VSFrameBufferObject.h; sourceTree = "<group>"; };
		276151371577C814005177C5 /* VSFrameBufferObject.m */ = {isa = PBXFileReference; fileEncoding = 4; lastKnownFileType = sourcecode.c.objc; path = VSFrameBufferObject.m; sourceTree = "<group>"; };
		276151451577D66B005177C5 /* VSTexture.h */ = {isa = PBXFileReference; fileEncoding = 4; lastKnownFileType = sourcecode.c.h; path = VSTexture.h; sourceTree = "<group>"; };
		276151461577D66B005177C5 /* VSTexture.m */ = {isa = PBXFileReference; fileEncoding = 4; lastKnownFileType = sourcecode.c.objc; path = VSTexture.m; sourceTree = "<group>"; };
		276151491577F290005177C5 /* VSShader.h */ = {isa = PBXFileReference; fileEncoding = 4; lastKnownFileType = sourcecode.c.h; path = VSShader.h; sourceTree = "<group>"; };
		2761514A1577F290005177C5 /* VSShader.m */ = {isa = PBXFileReference; fileEncoding = 4; lastKnownFileType = sourcecode.c.objc; path = VSShader.m; sourceTree = "<group>"; };
		276D436415B7FC8200389C86 /* VSAudioCoreHandover.h */ = {isa = PBXFileReference; fileEncoding = 4; lastKnownFileType = sourcecode.c.h; path = VSAudioCoreHandover.h; sourceTree = "<group>"; };
		276D436515B7FC8200389C86 /* VSAudioCoreHandover.m */ = {isa = PBXFileReference; fileEncoding = 4; lastKnownFileType = sourcecode.c.objc; path = VSAudioCoreHandover.m; sourceTree = "<group>"; };
		27973E8F15B41C3A0051C16F /* VSLayerShader.h */ = {isa = PBXFileReference; fileEncoding = 4; lastKnownFileType = sourcecode.c.h; path = VSLayerShader.h; sourceTree = "<group>"; };
		27973E9015B41C3B0051C16F /* VSLayerShader.m */ = {isa = PBXFileReference; fileEncoding = 4; lastKnownFileType = sourcecode.c.objc; path = VSLayerShader.m; sourceTree = "<group>"; };
		27973E9415B43CA00051C16F /* transform.fs.glsl */ = {isa = PBXFileReference; explicitFileType = sourcecode.glsl; fileEncoding = 4; path = transform.fs.glsl; sourceTree = "<group>"; };
		27973E9515B43CA00051C16F /* transform.vs.glsl */ = {isa = PBXFileReference; explicitFileType = sourcecode.glsl; fileEncoding = 4; path = transform.vs.glsl; sourceTree = "<group>"; xcLanguageSpecificationIdentifier = xcode.lang.glsl; };
		27973E9815B441D20051C16F /* VSTransformShader.h */ = {isa = PBXFileReference; fileEncoding = 4; lastKnownFileType = sourcecode.c.h; path = VSTransformShader.h; sourceTree = "<group>"; };
		27973E9915B441D20051C16F /* VSTransformShader.m */ = {isa = PBXFileReference; fileEncoding = 4; lastKnownFileType = sourcecode.c.objc; path = VSTransformShader.m; sourceTree = "<group>"; };
		279820DF15B85A4B00E8AA8E /* VSPlaybackMode.h */ = {isa = PBXFileReference; fileEncoding = 4; lastKnownFileType = sourcecode.c.h; name = VSPlaybackMode.h; path = CoreServices/VSPlaybackMode.h; sourceTree = "<group>"; };
		27A135A5157608FD00883B96 /* layering.fs.glsl */ = {isa = PBXFileReference; explicitFileType = sourcecode.glsl; fileEncoding = 4; path = layering.fs.glsl; sourceTree = "<group>"; xcLanguageSpecificationIdentifier = xcode.lang.glsl; };
		27A135A6157608FD00883B96 /* layering.vs.glsl */ = {isa = PBXFileReference; explicitFileType = sourcecode.glsl; fileEncoding = 4; path = layering.vs.glsl; sourceTree = "<group>"; };
		27A6CA0315B73AD7004C6DFB /* VSAudioCore.h */ = {isa = PBXFileReference; fileEncoding = 4; lastKnownFileType = sourcecode.c.h; path = VSAudioCore.h; sourceTree = "<group>"; };
		27A6CA0415B73AD7004C6DFB /* VSAudioCore.m */ = {isa = PBXFileReference; fileEncoding = 4; lastKnownFileType = sourcecode.c.objc; path = VSAudioCore.m; sourceTree = "<group>"; };
		27A6CA0B15B746EB004C6DFB /* VSAudioPlayerManager.h */ = {isa = PBXFileReference; fileEncoding = 4; lastKnownFileType = sourcecode.c.h; path = VSAudioPlayerManager.h; sourceTree = "<group>"; };
		27A6CA0C15B746EB004C6DFB /* VSAudioPlayerManager.m */ = {isa = PBXFileReference; fileEncoding = 4; lastKnownFileType = sourcecode.c.objc; path = VSAudioPlayerManager.m; sourceTree = "<group>"; };
		27A6CA0F15B74FA0004C6DFB /* VSAudioPlayer.h */ = {isa = PBXFileReference; fileEncoding = 4; lastKnownFileType = sourcecode.c.h; path = VSAudioPlayer.h; sourceTree = "<group>"; };
		27A6CA1015B74FA0004C6DFB /* VSAudioPlayer.m */ = {isa = PBXFileReference; fileEncoding = 4; lastKnownFileType = sourcecode.c.objc; path = VSAudioPlayer.m; sourceTree = "<group>"; };
		27A6CA1415B753DD004C6DFB /* NSMutableDictionary+VSAudioPlayerManger.h */ = {isa = PBXFileReference; fileEncoding = 4; lastKnownFileType = sourcecode.c.h; name = "NSMutableDictionary+VSAudioPlayerManger.h"; path = "CoreServices/Categories/NSMutableDictionary+VSAudioPlayerManger.h"; sourceTree = "<group>"; };
		27A6CA1515B753DD004C6DFB /* NSMutableDictionary+VSAudioPlayerManger.m */ = {isa = PBXFileReference; fileEncoding = 4; lastKnownFileType = sourcecode.c.objc; name = "NSMutableDictionary+VSAudioPlayerManger.m"; path = "CoreServices/Categories/NSMutableDictionary+VSAudioPlayerManger.m"; sourceTree = "<group>"; };
		27A6CA1815B7581F004C6DFB /* AVFoundation.framework */ = {isa = PBXFileReference; lastKnownFileType = wrapper.framework; name = AVFoundation.framework; path = System/Library/Frameworks/AVFoundation.framework; sourceTree = SDKROOT; };
		27AF8FC615B56546007A0322 /* VSTransformTextureManager.h */ = {isa = PBXFileReference; fileEncoding = 4; lastKnownFileType = sourcecode.c.h; path = VSTransformTextureManager.h; sourceTree = "<group>"; };
		27AF8FC715B56546007A0322 /* VSTransformTextureManager.m */ = {isa = PBXFileReference; fileEncoding = 4; lastKnownFileType = sourcecode.c.objc; path = VSTransformTextureManager.m; sourceTree = "<group>"; };
		27C5606715877DAC00E14DCE /* VSImage.h */ = {isa = PBXFileReference; fileEncoding = 4; lastKnownFileType = sourcecode.c.h; path = VSImage.h; sourceTree = "<group>"; };
		27C5606815877DAC00E14DCE /* VSImage.m */ = {isa = PBXFileReference; fileEncoding = 4; lastKnownFileType = sourcecode.c.objc; path = VSImage.m; sourceTree = "<group>"; };
		5B14E9A015641B0200AFF08C /* VSCoreHandover.h */ = {isa = PBXFileReference; fileEncoding = 4; lastKnownFileType = sourcecode.c.h; path = VSCoreHandover.h; sourceTree = "<group>"; };
		5B14E9A115641B0200AFF08C /* VSCoreHandover.m */ = {isa = PBXFileReference; fileEncoding = 4; lastKnownFileType = sourcecode.c.objc; path = VSCoreHandover.m; sourceTree = "<group>"; };
		5B14E9A215641B0200AFF08C /* VSFrameCoreHandover.h */ = {isa = PBXFileReference; fileEncoding = 4; lastKnownFileType = sourcecode.c.h; path = VSFrameCoreHandover.h; sourceTree = "<group>"; };
		5B14E9A315641B0200AFF08C /* VSFrameCoreHandover.m */ = {isa = PBXFileReference; fileEncoding = 4; lastKnownFileType = sourcecode.c.objc; path = VSFrameCoreHandover.m; sourceTree = "<group>"; };
		5B14E9A815641B5D00AFF08C /* VSQuartzComposerHandover.h */ = {isa = PBXFileReference; fileEncoding = 4; lastKnownFileType = sourcecode.c.h; path = VSQuartzComposerHandover.h; sourceTree = "<group>"; };
		5B14E9A915641B5D00AFF08C /* VSQuartzComposerHandover.m */ = {isa = PBXFileReference; fileEncoding = 4; lastKnownFileType = sourcecode.c.objc; path = VSQuartzComposerHandover.m; sourceTree = "<group>"; };
		5B19BF65155D0E4E00807769 /* VisirisCore.framework */ = {isa = PBXFileReference; explicitFileType = wrapper.framework; includeInIndex = 0; path = VisirisCore.framework; sourceTree = BUILT_PRODUCTS_DIR; };
		5B19BF68155D0E4E00807769 /* Cocoa.framework */ = {isa = PBXFileReference; lastKnownFileType = wrapper.framework; name = Cocoa.framework; path = System/Library/Frameworks/Cocoa.framework; sourceTree = SDKROOT; };
		5B19BF6B155D0E4E00807769 /* AppKit.framework */ = {isa = PBXFileReference; lastKnownFileType = wrapper.framework; name = AppKit.framework; path = System/Library/Frameworks/AppKit.framework; sourceTree = SDKROOT; };
		5B19BF6C155D0E4E00807769 /* CoreData.framework */ = {isa = PBXFileReference; lastKnownFileType = wrapper.framework; name = CoreData.framework; path = System/Library/Frameworks/CoreData.framework; sourceTree = SDKROOT; };
		5B19BF6D155D0E4E00807769 /* Foundation.framework */ = {isa = PBXFileReference; lastKnownFileType = wrapper.framework; name = Foundation.framework; path = System/Library/Frameworks/Foundation.framework; sourceTree = SDKROOT; };
		5B19BF70155D0E4E00807769 /* VisirisCore-Info.plist */ = {isa = PBXFileReference; lastKnownFileType = text.plist.xml; path = "VisirisCore-Info.plist"; sourceTree = "<group>"; };
		5B19BF72155D0E4E00807769 /* en */ = {isa = PBXFileReference; lastKnownFileType = text.plist.strings; name = en; path = en.lproj/InfoPlist.strings; sourceTree = "<group>"; };
		5B19BF74155D0E4E00807769 /* VisirisCore-Prefix.pch */ = {isa = PBXFileReference; lastKnownFileType = sourcecode.c.h; path = "VisirisCore-Prefix.pch"; sourceTree = "<group>"; };
		5B6965BC15640F2900C6EABC /* VSCoreReceptionist.h */ = {isa = PBXFileReference; fileEncoding = 4; lastKnownFileType = sourcecode.c.h; path = VSCoreReceptionist.h; sourceTree = "<group>"; };
		5B6965BD15640F2900C6EABC /* VSCoreReceptionist.m */ = {isa = PBXFileReference; fileEncoding = 4; lastKnownFileType = sourcecode.c.objc; path = VSCoreReceptionist.m; sourceTree = "<group>"; };
		5B7A6100156E2F82000FBEC3 /* AppledocSettings.plist */ = {isa = PBXFileReference; fileEncoding = 4; lastKnownFileType = text.plist.xml; path = AppledocSettings.plist; sourceTree = "<group>"; };
		5BD5AEC1159A10320008CE80 /* VSParameterTypes.h */ = {isa = PBXFileReference; fileEncoding = 4; lastKnownFileType = sourcecode.c.h; path = VSParameterTypes.h; sourceTree = "<group>"; };
		5BD5AEC2159A10320008CE80 /* VSParameterTypes.m */ = {isa = PBXFileReference; fileEncoding = 4; lastKnownFileType = sourcecode.c.objc; path = VSParameterTypes.m; sourceTree = "<group>"; };
/* End PBXFileReference section */

/* Begin PBXFrameworksBuildPhase section */
		5B19BF61155D0E4E00807769 /* Frameworks */ = {
			isa = PBXFrameworksBuildPhase;
			buildActionMask = 2147483647;
			files = (
				27A6CA1915B75820004C6DFB /* AVFoundation.framework in Frameworks */,
				270692D61594F94F001A9329 /* Quartz.framework in Frameworks */,
				274C70D1157E82EE0031F9B2 /* QuartzCore.framework in Frameworks */,
				275D8D0F156EB42B0081AB80 /* OpenGL.framework in Frameworks */,
				5B19BF69155D0E4E00807769 /* Cocoa.framework in Frameworks */,
			);
			runOnlyForDeploymentPostprocessing = 0;
		};
/* End PBXFrameworksBuildPhase section */

/* Begin PBXGroup section */
		274C70CA157E81BA0031F9B2 /* CoreServices */ = {
			isa = PBXGroup;
			children = (
				27A6CA1315B7539B004C6DFB /* Categories */,
				5BD5AEC1159A10320008CE80 /* VSParameterTypes.h */,
				5BD5AEC2159A10320008CE80 /* VSParameterTypes.m */,
				270692CB1594CF42001A9329 /* VSFileKind.h */,
				279820DF15B85A4B00E8AA8E /* VSPlaybackMode.h */,
				274C70CC157E81DD0031F9B2 /* VSImageContext.h */,
				274C70CD157E81DD0031F9B2 /* VSImageContext.m */,
			);
			name = CoreServices;
			sourceTree = "<group>";
		};
		276151311577C7E4005177C5 /* RenderCore */ = {
			isa = PBXGroup;
			children = (
				27A135A4157608FD00883B96 /* Shader */,
				276151321577C7E4005177C5 /* VSRenderCore.h */,
				276151331577C7E4005177C5 /* VSRenderCore.m */,
				276151361577C814005177C5 /* VSFrameBufferObject.h */,
				276151371577C814005177C5 /* VSFrameBufferObject.m */,
				27267459157F76A400EBE6B0 /* VSTextureManager.h */,
				2726745A157F76A400EBE6B0 /* VSTextureManager.m */,
				276151451577D66B005177C5 /* VSTexture.h */,
				276151461577D66B005177C5 /* VSTexture.m */,
				270692CD1594D405001A9329 /* VSQCManager.h */,
				270692CE1594D405001A9329 /* VSQCManager.m */,
				270692D11594F25D001A9329 /* VSQCRenderer.h */,
				270692D21594F25E001A9329 /* VSQCRenderer.m */,
				2745457215AEDC400064597D /* VSPBufferRenderer.h */,
				2745457315AEDC400064597D /* VSPBufferRenderer.m */,
				27C5606715877DAC00E14DCE /* VSImage.h */,
				27C5606815877DAC00E14DCE /* VSImage.m */,
				276151491577F290005177C5 /* VSShader.h */,
				2761514A1577F290005177C5 /* VSShader.m */,
				27973E8F15B41C3A0051C16F /* VSLayerShader.h */,
				27973E9015B41C3B0051C16F /* VSLayerShader.m */,
				27973E9815B441D20051C16F /* VSTransformShader.h */,
				27973E9915B441D20051C16F /* VSTransformShader.m */,
				27AF8FC615B56546007A0322 /* VSTransformTextureManager.h */,
				27AF8FC715B56546007A0322 /* VSTransformTextureManager.m */,
			);
			path = RenderCore;
			sourceTree = "<group>";
		};
		27A135A4157608FD00883B96 /* Shader */ = {
			isa = PBXGroup;
			children = (
				27A135A5157608FD00883B96 /* layering.fs.glsl */,
				27A135A6157608FD00883B96 /* layering.vs.glsl */,
				27973E9415B43CA00051C16F /* transform.fs.glsl */,
				27973E9515B43CA00051C16F /* transform.vs.glsl */,
			);
			name = Shader;
			path = ../Shader;
			sourceTree = "<group>";
		};
		27A6CA0215B73A6E004C6DFB /* AudioCore */ = {
			isa = PBXGroup;
			children = (
				27A6CA0315B73AD7004C6DFB /* VSAudioCore.h */,
				27A6CA0415B73AD7004C6DFB /* VSAudioCore.m */,
				27A6CA0B15B746EB004C6DFB /* VSAudioPlayerManager.h */,
				27A6CA0C15B746EB004C6DFB /* VSAudioPlayerManager.m */,
				27A6CA0F15B74FA0004C6DFB /* VSAudioPlayer.h */,
				27A6CA1015B74FA0004C6DFB /* VSAudioPlayer.m */,
			);
			path = AudioCore;
			sourceTree = "<group>";
		};
		27A6CA1315B7539B004C6DFB /* Categories */ = {
			isa = PBXGroup;
			children = (
				27A6CA1415B753DD004C6DFB /* NSMutableDictionary+VSAudioPlayerManger.h */,
				27A6CA1515B753DD004C6DFB /* NSMutableDictionary+VSAudioPlayerManger.m */,
			);
			name = Categories;
			sourceTree = "<group>";
		};
		5B14E99F15641B0200AFF08C /* handOvers */ = {
			isa = PBXGroup;
			children = (
				5B14E9A015641B0200AFF08C /* VSCoreHandover.h */,
				5B14E9A115641B0200AFF08C /* VSCoreHandover.m */,
				5B14E9A215641B0200AFF08C /* VSFrameCoreHandover.h */,
				5B14E9A315641B0200AFF08C /* VSFrameCoreHandover.m */,
				5B14E9A815641B5D00AFF08C /* VSQuartzComposerHandover.h */,
				5B14E9A915641B5D00AFF08C /* VSQuartzComposerHandover.m */,
				276D436415B7FC8200389C86 /* VSAudioCoreHandover.h */,
				276D436515B7FC8200389C86 /* VSAudioCoreHandover.m */,
			);
			path = handOvers;
			sourceTree = "<group>";
		};
		5B19BF59155D0E4E00807769 = {
			isa = PBXGroup;
			children = (
				274C70CA157E81BA0031F9B2 /* CoreServices */,
				5B19BF6E155D0E4E00807769 /* VisirisCore */,
				5B19BF67155D0E4E00807769 /* Frameworks */,
				5B19BF66155D0E4E00807769 /* Products */,
			);
			sourceTree = "<group>";
		};
		5B19BF66155D0E4E00807769 /* Products */ = {
			isa = PBXGroup;
			children = (
				5B19BF65155D0E4E00807769 /* VisirisCore.framework */,
			);
			name = Products;
			sourceTree = "<group>";
		};
		5B19BF67155D0E4E00807769 /* Frameworks */ = {
			isa = PBXGroup;
			children = (
				27A6CA1815B7581F004C6DFB /* AVFoundation.framework */,
				270692D51594F94F001A9329 /* Quartz.framework */,
				274C70D0157E82EE0031F9B2 /* QuartzCore.framework */,
				5B19BF6B155D0E4E00807769 /* AppKit.framework */,
				5B19BF6C155D0E4E00807769 /* CoreData.framework */,
				5B19BF6D155D0E4E00807769 /* Foundation.framework */,
				275D8D0E156EB42B0081AB80 /* OpenGL.framework */,
				5B19BF68155D0E4E00807769 /* Cocoa.framework */,
			);
			name = Frameworks;
			sourceTree = "<group>";
		};
		5B19BF6E155D0E4E00807769 /* VisirisCore */ = {
			isa = PBXGroup;
			children = (
				5BFE39411566527D00DC19C9 /* protocolls */,
				5B14E99F15641B0200AFF08C /* handOvers */,
				5B6965BB15640F2900C6EABC /* Receptionist */,
				276151311577C7E4005177C5 /* RenderCore */,
				27A6CA0215B73A6E004C6DFB /* AudioCore */,
				5B19BF6F155D0E4E00807769 /* Supporting Files */,
			);
			path = VisirisCore;
			sourceTree = "<group>";
		};
		5B19BF6F155D0E4E00807769 /* Supporting Files */ = {
			isa = PBXGroup;
			children = (
				5B7A6100156E2F82000FBEC3 /* AppledocSettings.plist */,
				5B19BF70155D0E4E00807769 /* VisirisCore-Info.plist */,
				5B19BF71155D0E4E00807769 /* InfoPlist.strings */,
				5B19BF74155D0E4E00807769 /* VisirisCore-Prefix.pch */,
			);
			name = "Supporting Files";
			sourceTree = "<group>";
		};
		5B6965BB15640F2900C6EABC /* Receptionist */ = {
			isa = PBXGroup;
			children = (
				5B6965BC15640F2900C6EABC /* VSCoreReceptionist.h */,
				5B6965BD15640F2900C6EABC /* VSCoreReceptionist.m */,
			);
			path = Receptionist;
			sourceTree = "<group>";
		};
		5BFE39411566527D00DC19C9 /* protocolls */ = {
			isa = PBXGroup;
			children = (
			);
			path = protocolls;
			sourceTree = "<group>";
		};
/* End PBXGroup section */

/* Begin PBXHeadersBuildPhase section */
		5B19BF62155D0E4E00807769 /* Headers */ = {
			isa = PBXHeadersBuildPhase;
			buildActionMask = 2147483647;
			files = (
				5B6965BE15640F2900C6EABC /* VSCoreReceptionist.h in Headers */,
				5B14E9A415641B0200AFF08C /* VSCoreHandover.h in Headers */,
				5B14E9A615641B0200AFF08C /* VSFrameCoreHandover.h in Headers */,
				5B14E9AA15641B5D00AFF08C /* VSQuartzComposerHandover.h in Headers */,
				276151341577C7E4005177C5 /* VSRenderCore.h in Headers */,
				276151381577C814005177C5 /* VSFrameBufferObject.h in Headers */,
				276151471577D66B005177C5 /* VSTexture.h in Headers */,
				2761514B1577F290005177C5 /* VSShader.h in Headers */,
				274C70CE157E81DD0031F9B2 /* VSImageContext.h in Headers */,
				2726745B157F76A400EBE6B0 /* VSTextureManager.h in Headers */,
				27C5606915877DAC00E14DCE /* VSImage.h in Headers */,
				270692CC1594CF42001A9329 /* VSFileKind.h in Headers */,
				270692CF1594D406001A9329 /* VSQCManager.h in Headers */,
				270692D31594F25F001A9329 /* VSQCRenderer.h in Headers */,
				5BD5AEC3159A10320008CE80 /* VSParameterTypes.h in Headers */,
				2745457415AEDC400064597D /* VSPBufferRenderer.h in Headers */,
				27973E9115B41C3B0051C16F /* VSLayerShader.h in Headers */,
				27973E9A15B441D20051C16F /* VSTransformShader.h in Headers */,
				27AF8FC815B56546007A0322 /* VSTransformTextureManager.h in Headers */,
				27A6CA0515B73AD7004C6DFB /* VSAudioCore.h in Headers */,
				27A6CA0D15B746EB004C6DFB /* VSAudioPlayerManager.h in Headers */,
				27A6CA1115B74FA0004C6DFB /* VSAudioPlayer.h in Headers */,
				27A6CA1615B753DD004C6DFB /* NSMutableDictionary+VSAudioPlayerManger.h in Headers */,
				276D436615B7FC8200389C86 /* VSAudioCoreHandover.h in Headers */,
				279820E015B85A4B00E8AA8E /* VSPlaybackMode.h in Headers */,
			);
			runOnlyForDeploymentPostprocessing = 0;
		};
/* End PBXHeadersBuildPhase section */

/* Begin PBXNativeTarget section */
		5B19BF64155D0E4E00807769 /* VisirisCore */ = {
			isa = PBXNativeTarget;
			buildConfigurationList = 5B19BF7A155D0E4E00807769 /* Build configuration list for PBXNativeTarget "VisirisCore" */;
			buildPhases = (
				5B19BF60155D0E4E00807769 /* Sources */,
				5B19BF61155D0E4E00807769 /* Frameworks */,
				5B19BF62155D0E4E00807769 /* Headers */,
				5B19BF63155D0E4E00807769 /* Resources */,
			);
			buildRules = (
			);
			dependencies = (
			);
			name = VisirisCore;
			productName = VisirisCore;
			productReference = 5B19BF65155D0E4E00807769 /* VisirisCore.framework */;
			productType = "com.apple.product-type.framework";
		};
/* End PBXNativeTarget section */

/* Begin PBXProject section */
		5B19BF5B155D0E4E00807769 /* Project object */ = {
			isa = PBXProject;
			attributes = {
				LastUpgradeCheck = 0440;
			};
			buildConfigurationList = 5B19BF5E155D0E4E00807769 /* Build configuration list for PBXProject "VisirisCore" */;
			compatibilityVersion = "Xcode 3.2";
			developmentRegion = English;
			hasScannedForEncodings = 0;
			knownRegions = (
				en,
			);
			mainGroup = 5B19BF59155D0E4E00807769;
			productRefGroup = 5B19BF66155D0E4E00807769 /* Products */;
			projectDirPath = "";
			projectRoot = "";
			targets = (
				5B19BF64155D0E4E00807769 /* VisirisCore */,
				5B7A60FA156E2EF1000FBEC3 /* VisirisCoreDocs */,
			);
		};
/* End PBXProject section */

/* Begin PBXResourcesBuildPhase section */
		5B19BF63155D0E4E00807769 /* Resources */ = {
			isa = PBXResourcesBuildPhase;
			buildActionMask = 2147483647;
			files = (
				5B19BF73155D0E4E00807769 /* InfoPlist.strings in Resources */,
				5B7A6101156E2F82000FBEC3 /* AppledocSettings.plist in Resources */,
				27A135A7157608FD00883B96 /* layering.fs.glsl in Resources */,
				27A135A8157608FD00883B96 /* layering.vs.glsl in Resources */,
				27973E9615B43CA00051C16F /* transform.fs.glsl in Resources */,
				27973E9715B43CA00051C16F /* transform.vs.glsl in Resources */,
			);
			runOnlyForDeploymentPostprocessing = 0;
		};
/* End PBXResourcesBuildPhase section */

/* Begin PBXShellScriptBuildPhase section */
		5B7A60FF156E2EF5000FBEC3 /* ShellScript */ = {
			isa = PBXShellScriptBuildPhase;
			buildActionMask = 2147483647;
			files = (
			);
			inputPaths = (
			);
			outputPaths = (
			);
			runOnlyForDeploymentPostprocessing = 0;
			shellPath = /bin/sh;
			shellScript = "/usr/local/bin/appledoc -t /Library/Application\\ Support/appledoc  --logformat xcode --project-name VisirisCore ./VisirisCore";
		};
/* End PBXShellScriptBuildPhase section */

/* Begin PBXSourcesBuildPhase section */
		5B19BF60155D0E4E00807769 /* Sources */ = {
			isa = PBXSourcesBuildPhase;
			buildActionMask = 2147483647;
			files = (
				5B6965BF15640F2900C6EABC /* VSCoreReceptionist.m in Sources */,
				5B14E9A515641B0200AFF08C /* VSCoreHandover.m in Sources */,
				5B14E9A715641B0200AFF08C /* VSFrameCoreHandover.m in Sources */,
				5B14E9AB15641B5D00AFF08C /* VSQuartzComposerHandover.m in Sources */,
				276151351577C7E4005177C5 /* VSRenderCore.m in Sources */,
				276151391577C814005177C5 /* VSFrameBufferObject.m in Sources */,
				276151481577D66B005177C5 /* VSTexture.m in Sources */,
				2761514C1577F290005177C5 /* VSShader.m in Sources */,
				274C70CF157E81DD0031F9B2 /* VSImageContext.m in Sources */,
				2726745C157F76A400EBE6B0 /* VSTextureManager.m in Sources */,
				27C5606A15877DAC00E14DCE /* VSImage.m in Sources */,
				270692D01594D406001A9329 /* VSQCManager.m in Sources */,
				270692D41594F25F001A9329 /* VSQCRenderer.m in Sources */,
				5BD5AEC4159A10320008CE80 /* VSParameterTypes.m in Sources */,
				2745457515AEDC400064597D /* VSPBufferRenderer.m in Sources */,
				27973E9215B41C3B0051C16F /* VSLayerShader.m in Sources */,
				27973E9B15B441D20051C16F /* VSTransformShader.m in Sources */,
				27AF8FC915B56546007A0322 /* VSTransformTextureManager.m in Sources */,
				27A6CA0615B73AD7004C6DFB /* VSAudioCore.m in Sources */,
				27A6CA0E15B746EB004C6DFB /* VSAudioPlayerManager.m in Sources */,
				27A6CA1215B74FA0004C6DFB /* VSAudioPlayer.m in Sources */,
				27A6CA1715B753DD004C6DFB /* NSMutableDictionary+VSAudioPlayerManger.m in Sources */,
				276D436715B7FC8200389C86 /* VSAudioCoreHandover.m in Sources */,
			);
			runOnlyForDeploymentPostprocessing = 0;
		};
/* End PBXSourcesBuildPhase section */

/* Begin PBXVariantGroup section */
		5B19BF71155D0E4E00807769 /* InfoPlist.strings */ = {
			isa = PBXVariantGroup;
			children = (
				5B19BF72155D0E4E00807769 /* en */,
			);
			name = InfoPlist.strings;
			sourceTree = "<group>";
		};
/* End PBXVariantGroup section */

/* Begin XCBuildConfiguration section */
		5B19BF78155D0E4E00807769 /* Debug */ = {
			isa = XCBuildConfiguration;
			buildSettings = {
				ALWAYS_SEARCH_USER_PATHS = NO;
				ARCHS = "$(ARCHS_STANDARD_64_BIT)";
				CLANG_ENABLE_OBJC_ARC = YES;
				COPY_PHASE_STRIP = NO;
				GCC_C_LANGUAGE_STANDARD = gnu99;
				GCC_DYNAMIC_NO_PIC = NO;
				GCC_ENABLE_OBJC_EXCEPTIONS = YES;
				GCC_OPTIMIZATION_LEVEL = 0;
				GCC_PREPROCESSOR_DEFINITIONS = (
					"DEBUG=1",
					"$(inherited)",
				);
				GCC_SYMBOLS_PRIVATE_EXTERN = NO;
				GCC_VERSION = com.apple.compilers.llvm.clang.1_0;
				GCC_WARN_64_TO_32_BIT_CONVERSION = YES;
				GCC_WARN_ABOUT_RETURN_TYPE = YES;
				GCC_WARN_UNINITIALIZED_AUTOS = YES;
				GCC_WARN_UNUSED_VARIABLE = YES;
				MACOSX_DEPLOYMENT_TARGET = 10.7;
				ONLY_ACTIVE_ARCH = YES;
				SDKROOT = macosx;
			};
			name = Debug;
		};
		5B19BF79155D0E4E00807769 /* Release */ = {
			isa = XCBuildConfiguration;
			buildSettings = {
				ALWAYS_SEARCH_USER_PATHS = NO;
				ARCHS = "$(ARCHS_STANDARD_64_BIT)";
				CLANG_ENABLE_OBJC_ARC = YES;
				COPY_PHASE_STRIP = YES;
				DEBUG_INFORMATION_FORMAT = "dwarf-with-dsym";
				GCC_C_LANGUAGE_STANDARD = gnu99;
				GCC_ENABLE_OBJC_EXCEPTIONS = YES;
				GCC_VERSION = com.apple.compilers.llvm.clang.1_0;
				GCC_WARN_64_TO_32_BIT_CONVERSION = YES;
				GCC_WARN_ABOUT_RETURN_TYPE = YES;
				GCC_WARN_UNINITIALIZED_AUTOS = YES;
				GCC_WARN_UNUSED_VARIABLE = YES;
				MACOSX_DEPLOYMENT_TARGET = 10.7;
				SDKROOT = macosx;
			};
			name = Release;
		};
		5B19BF7B155D0E4E00807769 /* Debug */ = {
			isa = XCBuildConfiguration;
			buildSettings = {
				COMBINE_HIDPI_IMAGES = YES;
				DYLIB_COMPATIBILITY_VERSION = 1;
				DYLIB_CURRENT_VERSION = 1;
				FRAMEWORK_VERSION = A;
				GCC_PRECOMPILE_PREFIX_HEADER = YES;
				GCC_PREFIX_HEADER = "VisirisCore/VisirisCore-Prefix.pch";
				INFOPLIST_FILE = "VisirisCore/VisirisCore-Info.plist";
				PRODUCT_NAME = "$(TARGET_NAME)";
				WRAPPER_EXTENSION = framework;
			};
			name = Debug;
		};
		5B19BF7C155D0E4E00807769 /* Release */ = {
			isa = XCBuildConfiguration;
			buildSettings = {
				COMBINE_HIDPI_IMAGES = YES;
				DYLIB_COMPATIBILITY_VERSION = 1;
				DYLIB_CURRENT_VERSION = 1;
				FRAMEWORK_VERSION = A;
				GCC_PRECOMPILE_PREFIX_HEADER = YES;
				GCC_PREFIX_HEADER = "VisirisCore/VisirisCore-Prefix.pch";
				INFOPLIST_FILE = "VisirisCore/VisirisCore-Info.plist";
				PRODUCT_NAME = "$(TARGET_NAME)";
				WRAPPER_EXTENSION = framework;
			};
			name = Release;
		};
		5B7A60FB156E2EF1000FBEC3 /* Debug */ = {
			isa = XCBuildConfiguration;
			buildSettings = {
				COMBINE_HIDPI_IMAGES = YES;
				PRODUCT_NAME = "$(TARGET_NAME)";
			};
			name = Debug;
		};
		5B7A60FC156E2EF1000FBEC3 /* Release */ = {
			isa = XCBuildConfiguration;
			buildSettings = {
				COMBINE_HIDPI_IMAGES = YES;
				PRODUCT_NAME = "$(TARGET_NAME)";
			};
			name = Release;
		};
/* End XCBuildConfiguration section */

/* Begin XCConfigurationList section */
		5B19BF5E155D0E4E00807769 /* Build configuration list for PBXProject "VisirisCore" */ = {
			isa = XCConfigurationList;
			buildConfigurations = (
				5B19BF78155D0E4E00807769 /* Debug */,
				5B19BF79155D0E4E00807769 /* Release */,
			);
			defaultConfigurationIsVisible = 0;
			defaultConfigurationName = Release;
		};
		5B19BF7A155D0E4E00807769 /* Build configuration list for PBXNativeTarget "VisirisCore" */ = {
			isa = XCConfigurationList;
			buildConfigurations = (
				5B19BF7B155D0E4E00807769 /* Debug */,
				5B19BF7C155D0E4E00807769 /* Release */,
			);
			defaultConfigurationIsVisible = 0;
			defaultConfigurationName = Release;
		};
		5B7A60FD156E2EF1000FBEC3 /* Build configuration list for PBXAggregateTarget "VisirisCoreDocs" */ = {
			isa = XCConfigurationList;
			buildConfigurations = (
				5B7A60FB156E2EF1000FBEC3 /* Debug */,
				5B7A60FC156E2EF1000FBEC3 /* Release */,
			);
			defaultConfigurationIsVisible = 0;
			defaultConfigurationName = Release;
		};
/* End XCConfigurationList section */
	};
	rootObject = 5B19BF5B155D0E4E00807769 /* Project object */;
}
